
Microsoft Visual Studio Solution File, Format Version 12.00
# Visual Studio Version 17
VisualStudioVersion = 17.10.35027.167
MinimumVisualStudioVersion = 10.0.40219.1
Project("{9A19103F-16F7-4668-BE54-9A1E7A4F7556}") = "Clean.Architecture.Demo", "Clean.Architecture.Demo\Clean.Architecture.Demo.csproj", "{BA2A318D-58F5-4991-82B2-CF52BF4B76CB}"
EndProject
Project("{9A19103F-16F7-4668-BE54-9A1E7A4F7556}") = "Domain", "Domain\Domain.csproj", "{14A297A4-555D-46CB-888F-4D04963D200F}"
EndProject
Project("{9A19103F-16F7-4668-BE54-9A1E7A4F7556}") = "Application", "Application\Application.csproj", "{8201BC07-6398-4C32-8CA9-62F26FBDE76D}"
EndProject
Project("{9A19103F-16F7-4668-BE54-9A1E7A4F7556}") = "Infrastructure", "Infrastructure\Infrastructure.csproj", "{D84F1C41-5A73-4C17-A3F4-99C0624AAFE9}"
EndProject
Project("{2150E333-8FDC-42A3-9474-1A3956D46DE8}") = "Solution Items", "Solution Items", "{8664E789-D966-4AE3-996E-76CF122FFCBB}"
	ProjectSection(SolutionItems) = preProject
		README.md = README.md
	EndProjectSection
EndProject
Project("{FAE04EC0-301F-11D3-BF4B-00C04F79EFBC}") = "Web", "Web\Web.csproj", "{33812E1C-AFE3-49A6-AEB2-29245C41D589}"
EndProject
Global
	GlobalSection(SolutionConfigurationPlatforms) = preSolution
		Debug|Any CPU = Debug|Any CPU
		Release|Any CPU = Release|Any CPU
	EndGlobalSection
	GlobalSection(ProjectConfigurationPlatforms) = postSolution
		{BA2A318D-58F5-4991-82B2-CF52BF4B76CB}.Debug|Any CPU.ActiveCfg = Debug|Any CPU
		{BA2A318D-58F5-4991-82B2-CF52BF4B76CB}.Debug|Any CPU.Build.0 = Debug|Any CPU
		{BA2A318D-58F5-4991-82B2-CF52BF4B76CB}.Release|Any CPU.ActiveCfg = Release|Any CPU
		{BA2A318D-58F5-4991-82B2-CF52BF4B76CB}.Release|Any CPU.Build.0 = Release|Any CPU
		{14A297A4-555D-46CB-888F-4D04963D200F}.Debug|Any CPU.ActiveCfg = Debug|Any CPU
		{14A297A4-555D-46CB-888F-4D04963D200F}.Debug|Any CPU.Build.0 = Debug|Any CPU
		{14A297A4-555D-46CB-888F-4D04963D200F}.Release|Any CPU.ActiveCfg = Release|Any CPU
		{14A297A4-555D-46CB-888F-4D04963D200F}.Release|Any CPU.Build.0 = Release|Any CPU
		{8201BC07-6398-4C32-8CA9-62F26FBDE76D}.Debug|Any CPU.ActiveCfg = Debug|Any CPU
		{8201BC07-6398-4C32-8CA9-62F26FBDE76D}.Debug|Any CPU.Build.0 = Debug|Any CPU
		{8201BC07-6398-4C32-8CA9-62F26FBDE76D}.Release|Any CPU.ActiveCfg = Release|Any CPU
		{8201BC07-6398-4C32-8CA9-62F26FBDE76D}.Release|Any CPU.Build.0 = Release|Any CPU
		{D84F1C41-5A73-4C17-A3F4-99C0624AAFE9}.Debug|Any CPU.ActiveCfg = Debug|Any CPU
		{D84F1C41-5A73-4C17-A3F4-99C0624AAFE9}.Debug|Any CPU.Build.0 = Debug|Any CPU
		{D84F1C41-5A73-4C17-A3F4-99C0624AAFE9}.Release|Any CPU.ActiveCfg = Release|Any CPU
		{D84F1C41-5A73-4C17-A3F4-99C0624AAFE9}.Release|Any CPU.Build.0 = Release|Any CPU
		{33812E1C-AFE3-49A6-AEB2-29245C41D589}.Debug|Any CPU.ActiveCfg = Debug|Any CPU
		{33812E1C-AFE3-49A6-AEB2-29245C41D589}.Debug|Any CPU.Build.0 = Debug|Any CPU
		{33812E1C-AFE3-49A6-AEB2-29245C41D589}.Release|Any CPU.ActiveCfg = Release|Any CPU
		{33812E1C-AFE3-49A6-AEB2-29245C41D589}.Release|Any CPU.Build.0 = Release|Any CPU
	EndGlobalSection
	GlobalSection(SolutionProperties) = preSolution
		HideSolutionNode = FALSE
	EndGlobalSection
	GlobalSection(ExtensibilityGlobals) = postSolution
		SolutionGuid = {3B0AB99F-D322-4E29-A529-F6FFDC3D38F9}
	EndGlobalSection
EndGlobal
