
Microsoft Visual Studio Solution File, Format Version 12.00
# Visual Studio Version 17
VisualStudioVersion = 17.10.35027.167
MinimumVisualStudioVersion = 10.0.40219.1
Project("{9A19103F-16F7-4668-BE54-9A1E7A4F7556}") = "Domain", "Domain\Domain.csproj", "{14A297A4-555D-46CB-888F-4D04963D200F}"
EndProject
Project("{9A19103F-16F7-4668-BE54-9A1E7A4F7556}") = "Application", "Application\Application.csproj", "{8201BC07-6398-4C32-8CA9-62F26FBDE76D}"
EndProject
Project("{9A19103F-16F7-4668-BE54-9A1E7A4F7556}") = "Infrastructure", "Infrastructure\Infrastructure.csproj", "{D84F1C41-5A73-4C17-A3F4-99C0624AAFE9}"
EndProject
Project("{2150E333-8FDC-42A3-9474-1A3956D46DE8}") = "Solution Items", "Solution Items", "{8664E789-D966-4AE3-996E-76CF122FFCBB}"
	ProjectSection(SolutionItems) = preProject
		README.md = README.md
	EndProjectSection
EndProject
Project("{FAE04EC0-301F-11D3-BF4B-00C04F79EFBC}") = "Web", "Web\Web.csproj", "{33812E1C-AFE3-49A6-AEB2-29245C41D589}"
EndProject
Project("{2150E333-8FDC-42A3-9474-1A3956D46DE8}") = "Tests", "Tests", "{1E359E17-A842-4DF1-9B7E-8DB54DC1DDCE}"
EndProject
Project("{FAE04EC0-301F-11D3-BF4B-00C04F79EFBC}") = "Application.Tests", "Application.Tests\Application.Tests.csproj", "{6089E186-651E-4E04-ABE6-6D1C4D9D364F}"
EndProject
Project("{FAE04EC0-301F-11D3-BF4B-00C04F79EFBC}") = "Domain.Tests", "Domain.Tests\Domain.Tests.csproj", "{D440828A-C67B-41B9-A9A6-62AA86638065}"
EndProject
Project("{FAE04EC0-301F-11D3-BF4B-00C04F79EFBC}") = "Infrastructure.Tests", "Infrastructure.Tests\Infrastructure.Tests.csproj", "{5E74E280-1032-4631-8BC6-E25CE00B42EC}"
EndProject
Project("{FAE04EC0-301F-11D3-BF4B-00C04F79EFBC}") = "Web.Tests", "Web.Tests\Web.Tests.csproj", "{33C8A0F0-5CBE-40AA-AA8F-005B6D81822C}"
EndProject
Global
	GlobalSection(SolutionConfigurationPlatforms) = preSolution
		Debug|Any CPU = Debug|Any CPU
		Release|Any CPU = Release|Any CPU
	EndGlobalSection
	GlobalSection(ProjectConfigurationPlatforms) = postSolution
		{14A297A4-555D-46CB-888F-4D04963D200F}.Debug|Any CPU.ActiveCfg = Debug|Any CPU
		{14A297A4-555D-46CB-888F-4D04963D200F}.Debug|Any CPU.Build.0 = Debug|Any CPU
		{14A297A4-555D-46CB-888F-4D04963D200F}.Release|Any CPU.ActiveCfg = Release|Any CPU
		{14A297A4-555D-46CB-888F-4D04963D200F}.Release|Any CPU.Build.0 = Release|Any CPU
		{8201BC07-6398-4C32-8CA9-62F26FBDE76D}.Debug|Any CPU.ActiveCfg = Debug|Any CPU
		{8201BC07-6398-4C32-8CA9-62F26FBDE76D}.Debug|Any CPU.Build.0 = Debug|Any CPU
		{8201BC07-6398-4C32-8CA9-62F26FBDE76D}.Release|Any CPU.ActiveCfg = Release|Any CPU
		{8201BC07-6398-4C32-8CA9-62F26FBDE76D}.Release|Any CPU.Build.0 = Release|Any CPU
		{D84F1C41-5A73-4C17-A3F4-99C0624AAFE9}.Debug|Any CPU.ActiveCfg = Debug|Any CPU
		{D84F1C41-5A73-4C17-A3F4-99C0624AAFE9}.Debug|Any CPU.Build.0 = Debug|Any CPU
		{D84F1C41-5A73-4C17-A3F4-99C0624AAFE9}.Release|Any CPU.ActiveCfg = Release|Any CPU
		{D84F1C41-5A73-4C17-A3F4-99C0624AAFE9}.Release|Any CPU.Build.0 = Release|Any CPU
		{33812E1C-AFE3-49A6-AEB2-29245C41D589}.Debug|Any CPU.ActiveCfg = Debug|Any CPU
		{33812E1C-AFE3-49A6-AEB2-29245C41D589}.Debug|Any CPU.Build.0 = Debug|Any CPU
		{33812E1C-AFE3-49A6-AEB2-29245C41D589}.Release|Any CPU.ActiveCfg = Release|Any CPU
		{33812E1C-AFE3-49A6-AEB2-29245C41D589}.Release|Any CPU.Build.0 = Release|Any CPU
		{6089E186-651E-4E04-ABE6-6D1C4D9D364F}.Debug|Any CPU.ActiveCfg = Debug|Any CPU
		{6089E186-651E-4E04-ABE6-6D1C4D9D364F}.Debug|Any CPU.Build.0 = Debug|Any CPU
		{6089E186-651E-4E04-ABE6-6D1C4D9D364F}.Release|Any CPU.ActiveCfg = Release|Any CPU
		{6089E186-651E-4E04-ABE6-6D1C4D9D364F}.Release|Any CPU.Build.0 = Release|Any CPU
		{D440828A-C67B-41B9-A9A6-62AA86638065}.Debug|Any CPU.ActiveCfg = Debug|Any CPU
		{D440828A-C67B-41B9-A9A6-62AA86638065}.Debug|Any CPU.Build.0 = Debug|Any CPU
		{D440828A-C67B-41B9-A9A6-62AA86638065}.Release|Any CPU.ActiveCfg = Release|Any CPU
		{D440828A-C67B-41B9-A9A6-62AA86638065}.Release|Any CPU.Build.0 = Release|Any CPU
		{5E74E280-1032-4631-8BC6-E25CE00B42EC}.Debug|Any CPU.ActiveCfg = Debug|Any CPU
		{5E74E280-1032-4631-8BC6-E25CE00B42EC}.Debug|Any CPU.Build.0 = Debug|Any CPU
		{5E74E280-1032-4631-8BC6-E25CE00B42EC}.Release|Any CPU.ActiveCfg = Release|Any CPU
		{5E74E280-1032-4631-8BC6-E25CE00B42EC}.Release|Any CPU.Build.0 = Release|Any CPU
		{33C8A0F0-5CBE-40AA-AA8F-005B6D81822C}.Debug|Any CPU.ActiveCfg = Debug|Any CPU
		{33C8A0F0-5CBE-40AA-AA8F-005B6D81822C}.Debug|Any CPU.Build.0 = Debug|Any CPU
		{33C8A0F0-5CBE-40AA-AA8F-005B6D81822C}.Release|Any CPU.ActiveCfg = Release|Any CPU
		{33C8A0F0-5CBE-40AA-AA8F-005B6D81822C}.Release|Any CPU.Build.0 = Release|Any CPU
	EndGlobalSection
	GlobalSection(SolutionProperties) = preSolution
		HideSolutionNode = FALSE
	EndGlobalSection
	GlobalSection(NestedProjects) = preSolution
		{6089E186-651E-4E04-ABE6-6D1C4D9D364F} = {1E359E17-A842-4DF1-9B7E-8DB54DC1DDCE}
		{D440828A-C67B-41B9-A9A6-62AA86638065} = {1E359E17-A842-4DF1-9B7E-8DB54DC1DDCE}
		{5E74E280-1032-4631-8BC6-E25CE00B42EC} = {1E359E17-A842-4DF1-9B7E-8DB54DC1DDCE}
		{33C8A0F0-5CBE-40AA-AA8F-005B6D81822C} = {1E359E17-A842-4DF1-9B7E-8DB54DC1DDCE}
	EndGlobalSection
	GlobalSection(ExtensibilityGlobals) = postSolution
		SolutionGuid = {3B0AB99F-D322-4E29-A529-F6FFDC3D38F9}
	EndGlobalSection
EndGlobal
